<?xml version="1.0" encoding="utf-8"?>
<Project ToolsVersion="4.0" xmlns="http://schemas.microsoft.com/developer/msbuild/2003">
  <ItemGroup>
    <Filter Include="源文件">
      <UniqueIdentifier>{4FC737F1-C7A5-4376-A066-2A32D752A2FF}</UniqueIdentifier>
      <Extensions>cpp;c;cc;cxx;def;odl;idl;hpj;bat;asm;asmx</Extensions>
    </Filter>
    <Filter Include="头文件">
      <UniqueIdentifier>{93995380-89BD-4b04-88EB-625FBE52EBFB}</UniqueIdentifier>
      <Extensions>h;hpp;hxx;hm;inl;inc;xsd</Extensions>
    </Filter>
    <Filter Include="资源文件">
      <UniqueIdentifier>{67DA6AB6-F800-4c08-8B7A-83BB121AAD01}</UniqueIdentifier>
      <Extensions>rc;ico;cur;bmp;dlg;rc2;rct;bin;rgs;gif;jpg;jpeg;jpe;resx;tiff;tif;png;wav;mfcribbon-ms</Extensions>
    </Filter>
  </ItemGroup>
  <ItemGroup>
    <None Include="ReadMe.txt" />
    <None Include="res\Handjet.rc2">
      <Filter>资源文件</Filter>
    </None>
    <None Include="res\Handjet.ico">
      <Filter>资源文件</Filter>
    </None>
    <None Include="res\hand_b.cur">
      <Filter>资源文件</Filter>
    </None>
    <None Include="res\hand_w.cur">
      <Filter>资源文件</Filter>
    </None>
    <None Include="res\middle_w.cur">
      <Filter>资源文件</Filter>
    </None>
    <None Include="res\fist_w.cur">
      <Filter>资源文件</Filter>
    </None>
    <None Include="res\swipe_l.cur">
      <Filter>资源文件</Filter>
    </None>
    <None Include="res\swipe_r.cur">
      <Filter>资源文件</Filter>
    </None>
    <None Include="res\swipe_l1.cur">
      <Filter>资源文件</Filter>
    </None>
  </ItemGroup>
  <ItemGroup>
    <ClInclude Include="Handjet.h">
      <Filter>头文件</Filter>
    </ClInclude>
    <ClInclude Include="HandjetDlg.h">
      <Filter>头文件</Filter>
    </ClInclude>
    <ClInclude Include="stdafx.h">
      <Filter>头文件</Filter>
    </ClInclude>
    <ClInclude Include="targetver.h">
      <Filter>头文件</Filter>
    </ClInclude>
    <ClInclude Include="Resource.h">
      <Filter>头文件</Filter>
    </ClInclude>
    <ClInclude Include="CvHeader.h">
      <Filter>头文件</Filter>
    </ClInclude>
    <ClInclude Include="HandModelProperty.h">
      <Filter>头文件</Filter>
    </ClInclude>
    <ClInclude Include="HeadCandidate.h">
      <Filter>头文件</Filter>
    </ClInclude>
    <ClInclude Include="ImageProcessor.h">
      <Filter>头文件</Filter>
    </ClInclude>
    <ClInclude Include="PositionTransform.h">
      <Filter>头文件</Filter>
    </ClInclude>
    <ClInclude Include="ShapeTransform.h">
      <Filter>头文件</Filter>
    </ClInclude>
    <ClInclude Include="ShapeUtil.h">
      <Filter>头文件</Filter>
    </ClInclude>
    <ClInclude Include="TracingTableItem.h">
      <Filter>头文件</Filter>
    </ClInclude>
    <ClInclude Include="Transform.h">
      <Filter>头文件</Filter>
    </ClInclude>
    <ClInclude Include="TransformAnalyzer.h">
      <Filter>头文件</Filter>
    </ClInclude>
    <ClInclude Include="TransformLog.h">
      <Filter>头文件</Filter>
    </ClInclude>
    <ClInclude Include="CandidateTracer.h">
      <Filter>头文件</Filter>
    </ClInclude>
    <ClInclude Include="CandidateObject.h">
      <Filter>头文件</Filter>
    </ClInclude>
    <ClInclude Include="HandCandidate.h">
      <Filter>头文件</Filter>
    </ClInclude>
    <ClInclude Include="DefectBlock.h">
      <Filter>头文件</Filter>
    </ClInclude>
    <ClInclude Include="CandidateSignature.h">
      <Filter>头文件</Filter>
    </ClInclude>
    <ClInclude Include="MousePointerHelper.h">
      <Filter>头文件</Filter>
    </ClInclude>
    <ClInclude Include="PositionSmoothFilter.h">
      <Filter>头文件</Filter>
    </ClInclude>
    <ClInclude Include="MovementInfo.h">
      <Filter>头文件</Filter>
    </ClInclude>
  </ItemGroup>
  <ItemGroup>
    <ClCompile Include="Handjet.cpp">
      <Filter>源文件</Filter>
    </ClCompile>
    <ClCompile Include="HandjetDlg.cpp">
      <Filter>源文件</Filter>
    </ClCompile>
    <ClCompile Include="stdafx.cpp">
      <Filter>源文件</Filter>
    </ClCompile>
    <ClCompile Include="HandModelProperty.cpp">
      <Filter>源文件</Filter>
    </ClCompile>
    <ClCompile Include="ImageProcessor.cpp">
      <Filter>源文件</Filter>
    </ClCompile>
    <ClCompile Include="PositionTransform.cpp">
      <Filter>源文件</Filter>
    </ClCompile>
    <ClCompile Include="ShapeTransform.cpp">
      <Filter>源文件</Filter>
    </ClCompile>
    <ClCompile Include="ShapeUtil.cpp">
      <Filter>源文件</Filter>
    </ClCompile>
    <ClCompile Include="Transform.cpp">
      <Filter>源文件</Filter>
    </ClCompile>
    <ClCompile Include="TransformAnalyzer.cpp">
      <Filter>源文件</Filter>
    </ClCompile>
    <ClCompile Include="TransformLog.cpp">
      <Filter>源文件</Filter>
    </ClCompile>
    <ClCompile Include="CandidateTracer.cpp">
      <Filter>源文件</Filter>
    </ClCompile>
    <ClCompile Include="CandidateObject.cpp">
      <Filter>源文件</Filter>
    </ClCompile>
    <ClCompile Include="HandCandidate.cpp">
      <Filter>源文件</Filter>
    </ClCompile>
    <ClCompile Include="MousePointerHelper.cpp">
      <Filter>源文件</Filter>
    </ClCompile>
    <ClCompile Include="PositionSmoothFilter.cpp">
      <Filter>源文件</Filter>
    </ClCompile>
  </ItemGroup>
  <ItemGroup>
    <ResourceCompile Include="Handjet.rc">
      <Filter>资源文件</Filter>
    </ResourceCompile>
  </ItemGroup>
</Project>